// !$*UTF8*$!
{
	archiveVersion = 1;
	classes = {
	};
	objectVersion = 51;
	objects = {

/* Begin PBXBuildFile section */
		1D53BAF13728699B5BD81F32 /* Pods_YES_EYESTests.framework in Frameworks */ = {isa = PBXBuildFile; fileRef = 82665E99ECE71781567363FE /* Pods_YES_EYESTests.framework */; };
		73415A8926FDC26C006E1BBB /* CapturePreviewView.swift in Sources */ = {isa = PBXBuildFile; fileRef = 73415A8626FDC123006E1BBB /* CapturePreviewView.swift */; };
		73415A8C26FDC278006E1BBB /* VideoCapture.swift in Sources */ = {isa = PBXBuildFile; fileRef = 73415A8426FDC11F006E1BBB /* VideoCapture.swift */; };
		73415A8D26FDC27C006E1BBB /* Inceptionv3.mlmodel in Sources */ = {isa = PBXBuildFile; fileRef = 73415A8526FDC123006E1BBB /* Inceptionv3.mlmodel */; };
		73415A8E26FDC2FA006E1BBB /* AIViewController.swift in Sources */ = {isa = PBXBuildFile; fileRef = 73415A8326FDC11F006E1BBB /* AIViewController.swift */; };
		73415A8F26FDC2FE006E1BBB /* AIViewController.storyboard in Resources */ = {isa = PBXBuildFile; fileRef = 73415A8226FDC11F006E1BBB /* AIViewController.storyboard */; };
		73415A9026FDC334006E1BBB /* CIImage.swift in Sources */ = {isa = PBXBuildFile; fileRef = 73415A8726FDC123006E1BBB /* CIImage.swift */; };
		73963C2926FD60E800D1729D /* CoreML.framework in Frameworks */ = {isa = PBXBuildFile; fileRef = 73963C2826FD60E800D1729D /* CoreML.framework */; };
		73963C2B26FD60FA00D1729D /* CoreVideo.framework in Frameworks */ = {isa = PBXBuildFile; fileRef = 73963C2A26FD60FA00D1729D /* CoreVideo.framework */; };
		73963C2D26FD610200D1729D /* AVFoundation.framework in Frameworks */ = {isa = PBXBuildFile; fileRef = 73963C2C26FD610200D1729D /* AVFoundation.framework */; };
		739D9CED26B7EEEA0076D382 /* ItemCell.swift in Sources */ = {isa = PBXBuildFile; fileRef = 739D9CEB26B7EEEA0076D382 /* ItemCell.swift */; };
		739D9CEE26B7EEEA0076D382 /* ItemCell.xib in Resources */ = {isa = PBXBuildFile; fileRef = 739D9CEC26B7EEEA0076D382 /* ItemCell.xib */; };
		73B9EB7526BAAC1200333C60 /* InfoCellViewController.swift in Sources */ = {isa = PBXBuildFile; fileRef = 73B9EB7326BAAC1200333C60 /* InfoCellViewController.swift */; };
		73B9EB7626BAAC1200333C60 /* InfoCellViewController.xib in Resources */ = {isa = PBXBuildFile; fileRef = 73B9EB7426BAAC1200333C60 /* InfoCellViewController.xib */; };
		807CD977890CBA071B2A22A9 /* Pods_YES_EYES.framework in Frameworks */ = {isa = PBXBuildFile; fileRef = CA1DBD7D5EE20625FCC60FCD /* Pods_YES_EYES.framework */; };
		8473A8AC26B02EB6008B16E7 /* HelpViewController.storyboard in Resources */ = {isa = PBXBuildFile; fileRef = 8473A8AB26B02EB6008B16E7 /* HelpViewController.storyboard */; };
		84979FE826CD35C200F0ED0F /* CartItem.swift in Sources */ = {isa = PBXBuildFile; fileRef = 84979FE726CD35C200F0ED0F /* CartItem.swift */; };
		84979FF026CD360A00F0ED0F /* Cart.swift in Sources */ = {isa = PBXBuildFile; fileRef = 84979FEF26CD360A00F0ED0F /* Cart.swift */; };
		84A530CD26B1675A0002B7F1 /* HelpViewController3.swift in Sources */ = {isa = PBXBuildFile; fileRef = 84A530CC26B1675A0002B7F1 /* HelpViewController3.swift */; };
		84A530DA26B16EA00002B7F1 /* HelpViewController3.storyboard in Resources */ = {isa = PBXBuildFile; fileRef = 84A530D926B16EA00002B7F1 /* HelpViewController3.storyboard */; };
		84B85D1B26D1411C00B18B6D /* CartListTableViewCell.swift in Sources */ = {isa = PBXBuildFile; fileRef = 84B85D1A26D1411C00B18B6D /* CartListTableViewCell.swift */; };
		84FC823D26BD7AD400DF5A01 /* GoogleService-Info.plist in Resources */ = {isa = PBXBuildFile; fileRef = 84FC823C26BD7AD400DF5A01 /* GoogleService-Info.plist */; };
		84FC824D26BD7E6C00DF5A01 /* Popup.storyboard in Resources */ = {isa = PBXBuildFile; fileRef = 84FC824C26BD7E6C00DF5A01 /* Popup.storyboard */; };
		84FC825F26BD80CB00DF5A01 /* PopupViewController.swift in Sources */ = {isa = PBXBuildFile; fileRef = 84FC825E26BD80CB00DF5A01 /* PopupViewController.swift */; };
		E988A5269DAC555154A37088 /* Pods_YES_EYES_YES_EYESUITests.framework in Frameworks */ = {isa = PBXBuildFile; fileRef = FD9031B6FD2E0B8F13AB0B4F /* Pods_YES_EYES_YES_EYESUITests.framework */; };
		F505379826AD93590012085F /* QRViewController.swift in Sources */ = {isa = PBXBuildFile; fileRef = F505379726AD93590012085F /* QRViewController.swift */; };
		F505379A26AD93750012085F /* QRViewController.storyboard in Resources */ = {isa = PBXBuildFile; fileRef = F505379926AD93750012085F /* QRViewController.storyboard */; };
		F519FD3F26B2F46F00660432 /* HelpViewController.swift in Sources */ = {isa = PBXBuildFile; fileRef = F519FD3E26B2F46F00660432 /* HelpViewController.swift */; };
		F519FD4126B2F49700660432 /* HelpViewController2.swift in Sources */ = {isa = PBXBuildFile; fileRef = F519FD4026B2F49700660432 /* HelpViewController2.swift */; };
		F519FD4326B2F4D100660432 /* HelpViewController2.storyboard in Resources */ = {isa = PBXBuildFile; fileRef = F519FD4226B2F4D100660432 /* HelpViewController2.storyboard */; };
		F519FD4526B2F58300660432 /* CUViewController.storyboard in Resources */ = {isa = PBXBuildFile; fileRef = F519FD4426B2F58300660432 /* CUViewController.storyboard */; };
		F519FD4726B2F5B700660432 /* CUViewController.swift in Sources */ = {isa = PBXBuildFile; fileRef = F519FD4626B2F5B700660432 /* CUViewController.swift */; };
		F51B8CB226B310C8005A13CF /* CU1ViewController.swift in Sources */ = {isa = PBXBuildFile; fileRef = F51B8CB126B310C8005A13CF /* CU1ViewController.swift */; };
		F51B8CB426B310D6005A13CF /* CU1ViewController.storyboard in Resources */ = {isa = PBXBuildFile; fileRef = F51B8CB326B310D6005A13CF /* CU1ViewController.storyboard */; };
		F526781926AC3947005152C4 /* AppDelegate.swift in Sources */ = {isa = PBXBuildFile; fileRef = F526781826AC3947005152C4 /* AppDelegate.swift */; };
		F526781B26AC3947005152C4 /* SceneDelegate.swift in Sources */ = {isa = PBXBuildFile; fileRef = F526781A26AC3947005152C4 /* SceneDelegate.swift */; };
		F526781D26AC3947005152C4 /* ViewController.swift in Sources */ = {isa = PBXBuildFile; fileRef = F526781C26AC3947005152C4 /* ViewController.swift */; };
		F526782026AC3947005152C4 /* Main.storyboard in Resources */ = {isa = PBXBuildFile; fileRef = F526781E26AC3947005152C4 /* Main.storyboard */; };
		F526782226AC3949005152C4 /* Assets.xcassets in Resources */ = {isa = PBXBuildFile; fileRef = F526782126AC3949005152C4 /* Assets.xcassets */; };
		F526782526AC3949005152C4 /* LaunchScreen.storyboard in Resources */ = {isa = PBXBuildFile; fileRef = F526782326AC3949005152C4 /* LaunchScreen.storyboard */; };
		F526783026AC3949005152C4 /* YES_EYESTests.swift in Sources */ = {isa = PBXBuildFile; fileRef = F526782F26AC3949005152C4 /* YES_EYESTests.swift */; };
		F526783B26AC3949005152C4 /* YES_EYESUITests.swift in Sources */ = {isa = PBXBuildFile; fileRef = F526783A26AC3949005152C4 /* YES_EYESUITests.swift */; };
		F526784E26AC3FAD005152C4 /* MenuCell.swift in Sources */ = {isa = PBXBuildFile; fileRef = F526784C26AC3FAD005152C4 /* MenuCell.swift */; };
		F526784F26AC3FAD005152C4 /* MenuCell.xib in Resources */ = {isa = PBXBuildFile; fileRef = F526784D26AC3FAD005152C4 /* MenuCell.xib */; };
		F526785126AC43AD005152C4 /* SettingModel.swift in Sources */ = {isa = PBXBuildFile; fileRef = F526785026AC43AD005152C4 /* SettingModel.swift */; };
		F570170626C961C800E1CC42 /* NetworkLayer.swift in Sources */ = {isa = PBXBuildFile; fileRef = F570170526C961C800E1CC42 /* NetworkLayer.swift */; };
		F5B6687A26AF2DE3008AE203 /* StoreViewController.swift in Sources */ = {isa = PBXBuildFile; fileRef = F5B6687926AF2DE3008AE203 /* StoreViewController.swift */; };
		F5B6687C26AF2DF4008AE203 /* StoreViewController.storyboard in Resources */ = {isa = PBXBuildFile; fileRef = F5B6687B26AF2DF4008AE203 /* StoreViewController.storyboard */; };
		F5E2AF4526BB06D700C9D815 /* CUSaleViewController.swift in Sources */ = {isa = PBXBuildFile; fileRef = F5E2AF4326BB06D700C9D815 /* CUSaleViewController.swift */; };
		F5E2AF4826BB077A00C9D815 /* CUSaleViewController.storyboard in Resources */ = {isa = PBXBuildFile; fileRef = F5E2AF4726BB077A00C9D815 /* CUSaleViewController.storyboard */; };
		F5E2AF4A26BB0F7E00C9D815 /* CUSearchViewController.storyboard in Resources */ = {isa = PBXBuildFile; fileRef = F5E2AF4926BB0F7D00C9D815 /* CUSearchViewController.storyboard */; };
		F5E2AF4C26BB0F8D00C9D815 /* CUSearchViewController.swift in Sources */ = {isa = PBXBuildFile; fileRef = F5E2AF4B26BB0F8D00C9D815 /* CUSearchViewController.swift */; };
/* End PBXBuildFile section */

/* Begin PBXContainerItemProxy section */
		73415A4726FD6427006E1BBB /* PBXContainerItemProxy */ = {
			isa = PBXContainerItemProxy;
			containerPortal = 73415A2F26FD6427006E1BBB /* Pods.xcodeproj */;
			proxyType = 2;
			remoteGlobalIDString = 7C3AE4425E7B08F16F1B4FD32951CA7F;
			remoteInfo = FirebaseABTesting;
		};
		73415A4926FD6427006E1BBB /* PBXContainerItemProxy */ = {
			isa = PBXContainerItemProxy;
			containerPortal = 73415A2F26FD6427006E1BBB /* Pods.xcodeproj */;
			proxyType = 2;
			remoteGlobalIDString = 43B1E4CD7B30B9FD278100133C2AC788;
			remoteInfo = FirebaseAuth;
		};
		73415A4B26FD6427006E1BBB /* PBXContainerItemProxy */ = {
			isa = PBXContainerItemProxy;
			containerPortal = 73415A2F26FD6427006E1BBB /* Pods.xcodeproj */;
			proxyType = 2;
			remoteGlobalIDString = E2B63D462DB7F827C4B11FD51E4F8E2D;
			remoteInfo = FirebaseCore;
		};
		73415A4D26FD6427006E1BBB /* PBXContainerItemProxy */ = {
			isa = PBXContainerItemProxy;
			containerPortal = 73415A2F26FD6427006E1BBB /* Pods.xcodeproj */;
			proxyType = 2;
			remoteGlobalIDString = 8CC9178C366942FD6FF6A115604EAD58;
			remoteInfo = FirebaseCoreDiagnostics;
		};
		73415A4F26FD6427006E1BBB /* PBXContainerItemProxy */ = {
			isa = PBXContainerItemProxy;
			containerPortal = 73415A2F26FD6427006E1BBB /* Pods.xcodeproj */;
			proxyType = 2;
			remoteGlobalIDString = 51671C73F008B5C0C3751B3855999213;
			remoteInfo = FirebaseDatabase;
		};
		73415A5126FD6427006E1BBB /* PBXContainerItemProxy */ = {
			isa = PBXContainerItemProxy;
			containerPortal = 73415A2F26FD6427006E1BBB /* Pods.xcodeproj */;
			proxyType = 2;
			remoteGlobalIDString = 13C8C8B254851998F9289F71229B28A2;
			remoteInfo = FirebaseInstallations;
		};
		73415A5326FD6427006E1BBB /* PBXContainerItemProxy */ = {
			isa = PBXContainerItemProxy;
			containerPortal = 73415A2F26FD6427006E1BBB /* Pods.xcodeproj */;
			proxyType = 2;
			remoteGlobalIDString = AD776F1C94991D3E551CEAA515DB110A;
			remoteInfo = FirebaseRemoteConfig;
		};
		73415A5526FD6427006E1BBB /* PBXContainerItemProxy */ = {
			isa = PBXContainerItemProxy;
			containerPortal = 73415A2F26FD6427006E1BBB /* Pods.xcodeproj */;
			proxyType = 2;
			remoteGlobalIDString = 9CF8FA5F01F446F01AAC7331075452AD;
			remoteInfo = FirebaseStorage;
		};
		73415A5726FD6427006E1BBB /* PBXContainerItemProxy */ = {
			isa = PBXContainerItemProxy;
			containerPortal = 73415A2F26FD6427006E1BBB /* Pods.xcodeproj */;
			proxyType = 2;
			remoteGlobalIDString = 856B5CD56F194FAD26EA91620B66D614;
			remoteInfo = GoogleDataTransport;
		};
		73415A5926FD6427006E1BBB /* PBXContainerItemProxy */ = {
			isa = PBXContainerItemProxy;
			containerPortal = 73415A2F26FD6427006E1BBB /* Pods.xcodeproj */;
			proxyType = 2;
			remoteGlobalIDString = B43874C6CBB50E7134FBEC24BABFE14F;
			remoteInfo = GoogleUtilities;
		};
		73415A5B26FD6427006E1BBB /* PBXContainerItemProxy */ = {
			isa = PBXContainerItemProxy;
			containerPortal = 73415A2F26FD6427006E1BBB /* Pods.xcodeproj */;
			proxyType = 2;
			remoteGlobalIDString = C1998E0D8085221AD87F89B614C10E52;
			remoteInfo = GTMSessionFetcher;
		};
		73415A5D26FD6427006E1BBB /* PBXContainerItemProxy */ = {
			isa = PBXContainerItemProxy;
			containerPortal = 73415A2F26FD6427006E1BBB /* Pods.xcodeproj */;
			proxyType = 2;
			remoteGlobalIDString = 0A9F46A999C47653013D3AD854352507;
			remoteInfo = "leveldb-library";
		};
		73415A5F26FD6427006E1BBB /* PBXContainerItemProxy */ = {
			isa = PBXContainerItemProxy;
			containerPortal = 73415A2F26FD6427006E1BBB /* Pods.xcodeproj */;
			proxyType = 2;
			remoteGlobalIDString = 06FC5C9CF96D60C50FCD47D339C91951;
			remoteInfo = nanopb;
		};
		73415A6126FD6427006E1BBB /* PBXContainerItemProxy */ = {
			isa = PBXContainerItemProxy;
			containerPortal = 73415A2F26FD6427006E1BBB /* Pods.xcodeproj */;
			proxyType = 2;
			remoteGlobalIDString = 40F8527A29CF97F2A0566C5F280637B8;
			remoteInfo = "Pods-YES_EYES";
		};
		73415A6326FD6427006E1BBB /* PBXContainerItemProxy */ = {
			isa = PBXContainerItemProxy;
			containerPortal = 73415A2F26FD6427006E1BBB /* Pods.xcodeproj */;
			proxyType = 2;
			remoteGlobalIDString = 87751713ABD5AE0CCFDD84460B3509C3;
			remoteInfo = "Pods-YES_EYES-YES_EYESUITests";
		};
		73415A6526FD6427006E1BBB /* PBXContainerItemProxy */ = {
			isa = PBXContainerItemProxy;
			containerPortal = 73415A2F26FD6427006E1BBB /* Pods.xcodeproj */;
			proxyType = 2;
			remoteGlobalIDString = C6D3D4E2C54F47F50F032EE462CA64D8;
			remoteInfo = "Pods-YES_EYESTests";
		};
		73415A6726FD6427006E1BBB /* PBXContainerItemProxy */ = {
			isa = PBXContainerItemProxy;
			containerPortal = 73415A2F26FD6427006E1BBB /* Pods.xcodeproj */;
			proxyType = 2;
			remoteGlobalIDString = 3347A1AB6546F0A3977529B8F199DC41;
			remoteInfo = PromisesObjC;
		};
		73415A6926FD6427006E1BBB /* PBXContainerItemProxy */ = {
			isa = PBXContainerItemProxy;
			containerPortal = 73415A2F26FD6427006E1BBB /* Pods.xcodeproj */;
			proxyType = 2;
			remoteGlobalIDString = 979486118B3E90C08386079D57962701;
			remoteInfo = SnapKit;
		};
		F526782C26AC3949005152C4 /* PBXContainerItemProxy */ = {
			isa = PBXContainerItemProxy;
			containerPortal = F526780D26AC3947005152C4 /* Project object */;
			proxyType = 1;
			remoteGlobalIDString = F526781426AC3947005152C4;
			remoteInfo = YES_EYES;
		};
		F526783726AC3949005152C4 /* PBXContainerItemProxy */ = {
			isa = PBXContainerItemProxy;
			containerPortal = F526780D26AC3947005152C4 /* Project object */;
			proxyType = 1;
			remoteGlobalIDString = F526781426AC3947005152C4;
			remoteInfo = YES_EYES;
		};
/* End PBXContainerItemProxy section */

/* Begin PBXFileReference section */
		1B2736BE16154B5A4F3B7039 /* Pods-YES_EYES-YES_EYESUITests.release.xcconfig */ = {isa = PBXFileReference; includeInIndex = 1; lastKnownFileType = text.xcconfig; name = "Pods-YES_EYES-YES_EYESUITests.release.xcconfig"; path = "Target Support Files/Pods-YES_EYES-YES_EYESUITests/Pods-YES_EYES-YES_EYESUITests.release.xcconfig"; sourceTree = "<group>"; };
		73415A2F26FD6427006E1BBB /* Pods.xcodeproj */ = {isa = PBXFileReference; lastKnownFileType = "wrapper.pb-project"; path = Pods.xcodeproj; sourceTree = "<group>"; };
		73415A6B26FD6427006E1BBB /* PromisesObjC */ = {isa = PBXFileReference; lastKnownFileType = folder; path = PromisesObjC; sourceTree = "<group>"; };
		73415A6C26FD6427006E1BBB /* FirebaseCoreDiagnostics */ = {isa = PBXFileReference; lastKnownFileType = folder; path = FirebaseCoreDiagnostics; sourceTree = "<group>"; };
		73415A6D26FD6427006E1BBB /* GoogleAppMeasurement */ = {isa = PBXFileReference; lastKnownFileType = folder; path = GoogleAppMeasurement; sourceTree = "<group>"; };
		73415A6E26FD6427006E1BBB /* SnapKit */ = {isa = PBXFileReference; lastKnownFileType = folder; path = SnapKit; sourceTree = "<group>"; };
		73415A6F26FD6427006E1BBB /* FirebaseStorage */ = {isa = PBXFileReference; lastKnownFileType = folder; path = FirebaseStorage; sourceTree = "<group>"; };
		73415A7026FD6427006E1BBB /* Headers */ = {isa = PBXFileReference; lastKnownFileType = folder; path = Headers; sourceTree = "<group>"; };
		73415A7126FD6428006E1BBB /* Target Support Files */ = {isa = PBXFileReference; lastKnownFileType = folder; path = "Target Support Files"; sourceTree = "<group>"; };
		73415A7226FD6428006E1BBB /* Manifest.lock */ = {isa = PBXFileReference; lastKnownFileType = text; path = Manifest.lock; sourceTree = "<group>"; };
		73415A7326FD6428006E1BBB /* FirebaseInstallations */ = {isa = PBXFileReference; lastKnownFileType = folder; path = FirebaseInstallations; sourceTree = "<group>"; };
		73415A7426FD6428006E1BBB /* FirebaseABTesting */ = {isa = PBXFileReference; lastKnownFileType = folder; path = FirebaseABTesting; sourceTree = "<group>"; };
		73415A7526FD6428006E1BBB /* FirebaseDatabase */ = {isa = PBXFileReference; lastKnownFileType = folder; path = FirebaseDatabase; sourceTree = "<group>"; };
		73415A7626FD6428006E1BBB /* FirebaseAnalytics */ = {isa = PBXFileReference; lastKnownFileType = folder; path = FirebaseAnalytics; sourceTree = "<group>"; };
		73415A7726FD6428006E1BBB /* FirebaseAuth */ = {isa = PBXFileReference; lastKnownFileType = folder; path = FirebaseAuth; sourceTree = "<group>"; };
		73415A7826FD6428006E1BBB /* GoogleUtilities */ = {isa = PBXFileReference; lastKnownFileType = folder; path = GoogleUtilities; sourceTree = "<group>"; };
		73415A7926FD6428006E1BBB /* leveldb-library */ = {isa = PBXFileReference; lastKnownFileType = folder; path = "leveldb-library"; sourceTree = "<group>"; };
		73415A7A26FD6428006E1BBB /* Local Podspecs */ = {isa = PBXFileReference; lastKnownFileType = folder; path = "Local Podspecs"; sourceTree = "<group>"; };
		73415A7B26FD6428006E1BBB /* FirebaseCore */ = {isa = PBXFileReference; lastKnownFileType = folder; path = FirebaseCore; sourceTree = "<group>"; };
		73415A7C26FD6429006E1BBB /* Firebase */ = {isa = PBXFileReference; lastKnownFileType = folder; path = Firebase; sourceTree = "<group>"; };
		73415A7D26FD6429006E1BBB /* GoogleDataTransport */ = {isa = PBXFileReference; lastKnownFileType = folder; path = GoogleDataTransport; sourceTree = "<group>"; };
		73415A7E26FD6429006E1BBB /* FirebaseRemoteConfig */ = {isa = PBXFileReference; lastKnownFileType = folder; path = FirebaseRemoteConfig; sourceTree = "<group>"; };
		73415A7F26FD6429006E1BBB /* nanopb */ = {isa = PBXFileReference; lastKnownFileType = folder; path = nanopb; sourceTree = "<group>"; };
		73415A8026FD6429006E1BBB /* GTMSessionFetcher */ = {isa = PBXFileReference; lastKnownFileType = folder; path = GTMSessionFetcher; sourceTree = "<group>"; };
		73415A8226FDC11F006E1BBB /* AIViewController.storyboard */ = {isa = PBXFileReference; lastKnownFileType = file.storyboard; path = AIViewController.storyboard; sourceTree = "<group>"; };
		73415A8326FDC11F006E1BBB /* AIViewController.swift */ = {isa = PBXFileReference; lastKnownFileType = sourcecode.swift; path = AIViewController.swift; sourceTree = "<group>"; };
		73415A8426FDC11F006E1BBB /* VideoCapture.swift */ = {isa = PBXFileReference; lastKnownFileType = sourcecode.swift; path = VideoCapture.swift; sourceTree = "<group>"; };
		73415A8526FDC123006E1BBB /* Inceptionv3.mlmodel */ = {isa = PBXFileReference; lastKnownFileType = file.mlmodel; path = Inceptionv3.mlmodel; sourceTree = "<group>"; };
		73415A8626FDC123006E1BBB /* CapturePreviewView.swift */ = {isa = PBXFileReference; lastKnownFileType = sourcecode.swift; path = CapturePreviewView.swift; sourceTree = "<group>"; };
		73415A8726FDC123006E1BBB /* CIImage.swift */ = {isa = PBXFileReference; lastKnownFileType = sourcecode.swift; path = CIImage.swift; sourceTree = "<group>"; };
		73963C2826FD60E800D1729D /* CoreML.framework */ = {isa = PBXFileReference; lastKnownFileType = wrapper.framework; name = CoreML.framework; path = System/Library/Frameworks/CoreML.framework; sourceTree = SDKROOT; };
		73963C2A26FD60FA00D1729D /* CoreVideo.framework */ = {isa = PBXFileReference; lastKnownFileType = wrapper.framework; name = CoreVideo.framework; path = System/Library/Frameworks/CoreVideo.framework; sourceTree = SDKROOT; };
		73963C2C26FD610200D1729D /* AVFoundation.framework */ = {isa = PBXFileReference; lastKnownFileType = wrapper.framework; name = AVFoundation.framework; path = System/Library/Frameworks/AVFoundation.framework; sourceTree = SDKROOT; };
		739D9CEB26B7EEEA0076D382 /* ItemCell.swift */ = {isa = PBXFileReference; lastKnownFileType = sourcecode.swift; path = ItemCell.swift; sourceTree = "<group>"; };
		739D9CEC26B7EEEA0076D382 /* ItemCell.xib */ = {isa = PBXFileReference; lastKnownFileType = file.xib; path = ItemCell.xib; sourceTree = "<group>"; };
		73B9EB7326BAAC1200333C60 /* InfoCellViewController.swift */ = {isa = PBXFileReference; lastKnownFileType = sourcecode.swift; path = InfoCellViewController.swift; sourceTree = "<group>"; };
		73B9EB7426BAAC1200333C60 /* InfoCellViewController.xib */ = {isa = PBXFileReference; lastKnownFileType = file.xib; path = InfoCellViewController.xib; sourceTree = "<group>"; };
		804681186542697E7861A26B /* Pods-YES_EYES-YES_EYESUITests.debug.xcconfig */ = {isa = PBXFileReference; includeInIndex = 1; lastKnownFileType = text.xcconfig; name = "Pods-YES_EYES-YES_EYESUITests.debug.xcconfig"; path = "Target Support Files/Pods-YES_EYES-YES_EYESUITests/Pods-YES_EYES-YES_EYESUITests.debug.xcconfig"; sourceTree = "<group>"; };
		82665E99ECE71781567363FE /* Pods_YES_EYESTests.framework */ = {isa = PBXFileReference; explicitFileType = wrapper.framework; includeInIndex = 0; path = Pods_YES_EYESTests.framework; sourceTree = BUILT_PRODUCTS_DIR; };
		8473A8AB26B02EB6008B16E7 /* HelpViewController.storyboard */ = {isa = PBXFileReference; lastKnownFileType = file.storyboard; path = HelpViewController.storyboard; sourceTree = "<group>"; };
		84979FE726CD35C200F0ED0F /* CartItem.swift */ = {isa = PBXFileReference; lastKnownFileType = sourcecode.swift; path = CartItem.swift; sourceTree = "<group>"; };
		84979FEF26CD360A00F0ED0F /* Cart.swift */ = {isa = PBXFileReference; lastKnownFileType = sourcecode.swift; path = Cart.swift; sourceTree = "<group>"; };
		84A530CC26B1675A0002B7F1 /* HelpViewController3.swift */ = {isa = PBXFileReference; lastKnownFileType = sourcecode.swift; path = HelpViewController3.swift; sourceTree = "<group>"; };
		84A530D926B16EA00002B7F1 /* HelpViewController3.storyboard */ = {isa = PBXFileReference; lastKnownFileType = file.storyboard; path = HelpViewController3.storyboard; sourceTree = "<group>"; };
		84B85D1A26D1411C00B18B6D /* CartListTableViewCell.swift */ = {isa = PBXFileReference; lastKnownFileType = sourcecode.swift; path = CartListTableViewCell.swift; sourceTree = "<group>"; };
		84FC823C26BD7AD400DF5A01 /* GoogleService-Info.plist */ = {isa = PBXFileReference; fileEncoding = 4; lastKnownFileType = text.plist.xml; path = "GoogleService-Info.plist"; sourceTree = "<group>"; };
		84FC824C26BD7E6C00DF5A01 /* Popup.storyboard */ = {isa = PBXFileReference; lastKnownFileType = file.storyboard; path = Popup.storyboard; sourceTree = "<group>"; };
		84FC825E26BD80CB00DF5A01 /* PopupViewController.swift */ = {isa = PBXFileReference; lastKnownFileType = sourcecode.swift; path = PopupViewController.swift; sourceTree = "<group>"; };
		88D6BBE627EDC25FC2369744 /* Pods-YES_EYES.debug.xcconfig */ = {isa = PBXFileReference; includeInIndex = 1; lastKnownFileType = text.xcconfig; name = "Pods-YES_EYES.debug.xcconfig"; path = "Target Support Files/Pods-YES_EYES/Pods-YES_EYES.debug.xcconfig"; sourceTree = "<group>"; };
		BB801349789D6B7C57FA7123 /* Pods-YES_EYESTests.debug.xcconfig */ = {isa = PBXFileReference; includeInIndex = 1; lastKnownFileType = text.xcconfig; name = "Pods-YES_EYESTests.debug.xcconfig"; path = "Target Support Files/Pods-YES_EYESTests/Pods-YES_EYESTests.debug.xcconfig"; sourceTree = "<group>"; };
		BD5ADBA093459A8DF8157C18 /* Pods-YES_EYESTests.release.xcconfig */ = {isa = PBXFileReference; includeInIndex = 1; lastKnownFileType = text.xcconfig; name = "Pods-YES_EYESTests.release.xcconfig"; path = "Target Support Files/Pods-YES_EYESTests/Pods-YES_EYESTests.release.xcconfig"; sourceTree = "<group>"; };
		CA1DBD7D5EE20625FCC60FCD /* Pods_YES_EYES.framework */ = {isa = PBXFileReference; explicitFileType = wrapper.framework; includeInIndex = 0; path = Pods_YES_EYES.framework; sourceTree = BUILT_PRODUCTS_DIR; };
		DB5D8C376E4CF5972D507B57 /* Pods-YES_EYES.release.xcconfig */ = {isa = PBXFileReference; includeInIndex = 1; lastKnownFileType = text.xcconfig; name = "Pods-YES_EYES.release.xcconfig"; path = "Target Support Files/Pods-YES_EYES/Pods-YES_EYES.release.xcconfig"; sourceTree = "<group>"; };
		F505379726AD93590012085F /* QRViewController.swift */ = {isa = PBXFileReference; lastKnownFileType = sourcecode.swift; path = QRViewController.swift; sourceTree = "<group>"; };
		F505379926AD93750012085F /* QRViewController.storyboard */ = {isa = PBXFileReference; lastKnownFileType = file.storyboard; path = QRViewController.storyboard; sourceTree = "<group>"; };
		F519FD3E26B2F46F00660432 /* HelpViewController.swift */ = {isa = PBXFileReference; lastKnownFileType = sourcecode.swift; path = HelpViewController.swift; sourceTree = "<group>"; };
		F519FD4026B2F49700660432 /* HelpViewController2.swift */ = {isa = PBXFileReference; lastKnownFileType = sourcecode.swift; path = HelpViewController2.swift; sourceTree = "<group>"; };
		F519FD4226B2F4D100660432 /* HelpViewController2.storyboard */ = {isa = PBXFileReference; lastKnownFileType = file.storyboard; path = HelpViewController2.storyboard; sourceTree = "<group>"; };
		F519FD4426B2F58300660432 /* CUViewController.storyboard */ = {isa = PBXFileReference; lastKnownFileType = file.storyboard; path = CUViewController.storyboard; sourceTree = "<group>"; };
		F519FD4626B2F5B700660432 /* CUViewController.swift */ = {isa = PBXFileReference; lastKnownFileType = sourcecode.swift; path = CUViewController.swift; sourceTree = "<group>"; };
		F51B8CB126B310C8005A13CF /* CU1ViewController.swift */ = {isa = PBXFileReference; lastKnownFileType = sourcecode.swift; path = CU1ViewController.swift; sourceTree = "<group>"; };
		F51B8CB326B310D6005A13CF /* CU1ViewController.storyboard */ = {isa = PBXFileReference; lastKnownFileType = file.storyboard; path = CU1ViewController.storyboard; sourceTree = "<group>"; };
		F526781526AC3947005152C4 /* YES_EYES.app */ = {isa = PBXFileReference; explicitFileType = wrapper.application; includeInIndex = 0; path = YES_EYES.app; sourceTree = BUILT_PRODUCTS_DIR; };
		F526781826AC3947005152C4 /* AppDelegate.swift */ = {isa = PBXFileReference; lastKnownFileType = sourcecode.swift; path = AppDelegate.swift; sourceTree = "<group>"; };
		F526781A26AC3947005152C4 /* SceneDelegate.swift */ = {isa = PBXFileReference; lastKnownFileType = sourcecode.swift; path = SceneDelegate.swift; sourceTree = "<group>"; };
		F526781C26AC3947005152C4 /* ViewController.swift */ = {isa = PBXFileReference; lastKnownFileType = sourcecode.swift; path = ViewController.swift; sourceTree = "<group>"; };
		F526781F26AC3947005152C4 /* Base */ = {isa = PBXFileReference; lastKnownFileType = file.storyboard; name = Base; path = Base.lproj/Main.storyboard; sourceTree = "<group>"; };
		F526782126AC3949005152C4 /* Assets.xcassets */ = {isa = PBXFileReference; lastKnownFileType = folder.assetcatalog; path = Assets.xcassets; sourceTree = "<group>"; };
		F526782426AC3949005152C4 /* Base */ = {isa = PBXFileReference; lastKnownFileType = file.storyboard; name = Base; path = Base.lproj/LaunchScreen.storyboard; sourceTree = "<group>"; };
		F526782626AC3949005152C4 /* Info.plist */ = {isa = PBXFileReference; lastKnownFileType = text.plist.xml; path = Info.plist; sourceTree = "<group>"; };
		F526782B26AC3949005152C4 /* YES_EYESTests.xctest */ = {isa = PBXFileReference; explicitFileType = wrapper.cfbundle; includeInIndex = 0; path = YES_EYESTests.xctest; sourceTree = BUILT_PRODUCTS_DIR; };
		F526782F26AC3949005152C4 /* YES_EYESTests.swift */ = {isa = PBXFileReference; lastKnownFileType = sourcecode.swift; path = YES_EYESTests.swift; sourceTree = "<group>"; };
		F526783126AC3949005152C4 /* Info.plist */ = {isa = PBXFileReference; lastKnownFileType = text.plist.xml; path = Info.plist; sourceTree = "<group>"; };
		F526783626AC3949005152C4 /* YES_EYESUITests.xctest */ = {isa = PBXFileReference; explicitFileType = wrapper.cfbundle; includeInIndex = 0; path = YES_EYESUITests.xctest; sourceTree = BUILT_PRODUCTS_DIR; };
		F526783A26AC3949005152C4 /* YES_EYESUITests.swift */ = {isa = PBXFileReference; lastKnownFileType = sourcecode.swift; path = YES_EYESUITests.swift; sourceTree = "<group>"; };
		F526783C26AC3949005152C4 /* Info.plist */ = {isa = PBXFileReference; lastKnownFileType = text.plist.xml; path = Info.plist; sourceTree = "<group>"; };
		F526784C26AC3FAD005152C4 /* MenuCell.swift */ = {isa = PBXFileReference; lastKnownFileType = sourcecode.swift; path = MenuCell.swift; sourceTree = "<group>"; };
		F526784D26AC3FAD005152C4 /* MenuCell.xib */ = {isa = PBXFileReference; lastKnownFileType = file.xib; path = MenuCell.xib; sourceTree = "<group>"; };
		F526785026AC43AD005152C4 /* SettingModel.swift */ = {isa = PBXFileReference; lastKnownFileType = sourcecode.swift; path = SettingModel.swift; sourceTree = "<group>"; };
		F570170526C961C800E1CC42 /* NetworkLayer.swift */ = {isa = PBXFileReference; lastKnownFileType = sourcecode.swift; path = NetworkLayer.swift; sourceTree = "<group>"; };
		F5B6687926AF2DE3008AE203 /* StoreViewController.swift */ = {isa = PBXFileReference; lastKnownFileType = sourcecode.swift; path = StoreViewController.swift; sourceTree = "<group>"; };
		F5B6687B26AF2DF4008AE203 /* StoreViewController.storyboard */ = {isa = PBXFileReference; lastKnownFileType = file.storyboard; path = StoreViewController.storyboard; sourceTree = "<group>"; };
		F5E2AF4326BB06D700C9D815 /* CUSaleViewController.swift */ = {isa = PBXFileReference; lastKnownFileType = sourcecode.swift; path = CUSaleViewController.swift; sourceTree = "<group>"; };
		F5E2AF4726BB077A00C9D815 /* CUSaleViewController.storyboard */ = {isa = PBXFileReference; lastKnownFileType = file.storyboard; path = CUSaleViewController.storyboard; sourceTree = "<group>"; };
		F5E2AF4926BB0F7D00C9D815 /* CUSearchViewController.storyboard */ = {isa = PBXFileReference; lastKnownFileType = file.storyboard; path = CUSearchViewController.storyboard; sourceTree = "<group>"; };
		F5E2AF4B26BB0F8D00C9D815 /* CUSearchViewController.swift */ = {isa = PBXFileReference; lastKnownFileType = sourcecode.swift; path = CUSearchViewController.swift; sourceTree = "<group>"; };
		FD9031B6FD2E0B8F13AB0B4F /* Pods_YES_EYES_YES_EYESUITests.framework */ = {isa = PBXFileReference; explicitFileType = wrapper.framework; includeInIndex = 0; path = Pods_YES_EYES_YES_EYESUITests.framework; sourceTree = BUILT_PRODUCTS_DIR; };
/* End PBXFileReference section */

/* Begin PBXFrameworksBuildPhase section */
		F526781226AC3947005152C4 /* Frameworks */ = {
			isa = PBXFrameworksBuildPhase;
			buildActionMask = 2147483647;
			files = (
				807CD977890CBA071B2A22A9 /* Pods_YES_EYES.framework in Frameworks */,
			);
			runOnlyForDeploymentPostprocessing = 0;
		};
		F526782826AC3949005152C4 /* Frameworks */ = {
			isa = PBXFrameworksBuildPhase;
			buildActionMask = 2147483647;
			files = (
				73963C2D26FD610200D1729D /* AVFoundation.framework in Frameworks */,
				73963C2926FD60E800D1729D /* CoreML.framework in Frameworks */,
				73963C2B26FD60FA00D1729D /* CoreVideo.framework in Frameworks */,
				1D53BAF13728699B5BD81F32 /* Pods_YES_EYESTests.framework in Frameworks */,
			);
			runOnlyForDeploymentPostprocessing = 0;
		};
		F526783326AC3949005152C4 /* Frameworks */ = {
			isa = PBXFrameworksBuildPhase;
			buildActionMask = 2147483647;
			files = (
				E988A5269DAC555154A37088 /* Pods_YES_EYES_YES_EYESUITests.framework in Frameworks */,
			);
			runOnlyForDeploymentPostprocessing = 0;
		};
/* End PBXFrameworksBuildPhase section */

/* Begin PBXGroup section */
		1009410AE8E0560BA601C15E /* Frameworks */ = {
			isa = PBXGroup;
			children = (
				73963C2826FD60E800D1729D /* CoreML.framework */,
				73963C2A26FD60FA00D1729D /* CoreVideo.framework */,
				73963C2C26FD610200D1729D /* AVFoundation.framework */,
				CA1DBD7D5EE20625FCC60FCD /* Pods_YES_EYES.framework */,
				FD9031B6FD2E0B8F13AB0B4F /* Pods_YES_EYES_YES_EYESUITests.framework */,
				82665E99ECE71781567363FE /* Pods_YES_EYESTests.framework */,
			);
			name = Frameworks;
			sourceTree = "<group>";
		};
		73415A3026FD6427006E1BBB /* Products */ = {
			isa = PBXGroup;
			children = (
				73415A4826FD6427006E1BBB /* FirebaseABTesting.framework */,
				73415A4A26FD6427006E1BBB /* FirebaseAuth.framework */,
				73415A4C26FD6427006E1BBB /* FirebaseCore.framework */,
				73415A4E26FD6427006E1BBB /* FirebaseCoreDiagnostics.framework */,
				73415A5026FD6427006E1BBB /* FirebaseDatabase.framework */,
				73415A5226FD6427006E1BBB /* FirebaseInstallations.framework */,
				73415A5426FD6427006E1BBB /* FirebaseRemoteConfig.framework */,
				73415A5626FD6427006E1BBB /* FirebaseStorage.framework */,
				73415A5826FD6427006E1BBB /* GoogleDataTransport.framework */,
				73415A5A26FD6427006E1BBB /* GoogleUtilities.framework */,
				73415A5C26FD6427006E1BBB /* GTMSessionFetcher.framework */,
				73415A5E26FD6427006E1BBB /* leveldb.framework */,
				73415A6026FD6427006E1BBB /* nanopb.framework */,
				73415A6226FD6427006E1BBB /* Pods_YES_EYES.framework */,
				73415A6426FD6427006E1BBB /* Pods_YES_EYES_YES_EYESUITests.framework */,
				73415A6626FD6427006E1BBB /* Pods_YES_EYESTests.framework */,
				73415A6826FD6427006E1BBB /* FBLPromises.framework */,
				73415A6A26FD6427006E1BBB /* SnapKit.framework */,
			);
			name = Products;
			sourceTree = "<group>";
		};
		73415A8826FDC1B5006E1BBB /* Detection */ = {
			isa = PBXGroup;
			children = (
				73415A8226FDC11F006E1BBB /* AIViewController.storyboard */,
				73415A8326FDC11F006E1BBB /* AIViewController.swift */,
				73415A8626FDC123006E1BBB /* CapturePreviewView.swift */,
				73415A8726FDC123006E1BBB /* CIImage.swift */,
				73415A8526FDC123006E1BBB /* Inceptionv3.mlmodel */,
				73415A8426FDC11F006E1BBB /* VideoCapture.swift */,
			);
			path = Detection;
			sourceTree = "<group>";
		};
		CD713A7C840566510E6EF576 /* Pods */ = {
			isa = PBXGroup;
			children = (
				73415A7C26FD6429006E1BBB /* Firebase */,
				73415A7426FD6428006E1BBB /* FirebaseABTesting */,
				73415A7626FD6428006E1BBB /* FirebaseAnalytics */,
				73415A7726FD6428006E1BBB /* FirebaseAuth */,
				73415A7B26FD6428006E1BBB /* FirebaseCore */,
				73415A6C26FD6427006E1BBB /* FirebaseCoreDiagnostics */,
				73415A7526FD6428006E1BBB /* FirebaseDatabase */,
				73415A7326FD6428006E1BBB /* FirebaseInstallations */,
				73415A7E26FD6429006E1BBB /* FirebaseRemoteConfig */,
				73415A6F26FD6427006E1BBB /* FirebaseStorage */,
				73415A6D26FD6427006E1BBB /* GoogleAppMeasurement */,
				73415A7D26FD6429006E1BBB /* GoogleDataTransport */,
				73415A7826FD6428006E1BBB /* GoogleUtilities */,
				73415A8026FD6429006E1BBB /* GTMSessionFetcher */,
				73415A7026FD6427006E1BBB /* Headers */,
				73415A7926FD6428006E1BBB /* leveldb-library */,
				73415A7A26FD6428006E1BBB /* Local Podspecs */,
				73415A7226FD6428006E1BBB /* Manifest.lock */,
				73415A7F26FD6429006E1BBB /* nanopb */,
				73415A2F26FD6427006E1BBB /* Pods.xcodeproj */,
				73415A6B26FD6427006E1BBB /* PromisesObjC */,
				73415A6E26FD6427006E1BBB /* SnapKit */,
				73415A7126FD6428006E1BBB /* Target Support Files */,
				88D6BBE627EDC25FC2369744 /* Pods-YES_EYES.debug.xcconfig */,
				DB5D8C376E4CF5972D507B57 /* Pods-YES_EYES.release.xcconfig */,
				804681186542697E7861A26B /* Pods-YES_EYES-YES_EYESUITests.debug.xcconfig */,
				1B2736BE16154B5A4F3B7039 /* Pods-YES_EYES-YES_EYESUITests.release.xcconfig */,
				BB801349789D6B7C57FA7123 /* Pods-YES_EYESTests.debug.xcconfig */,
				BD5ADBA093459A8DF8157C18 /* Pods-YES_EYESTests.release.xcconfig */,
			);
			path = Pods;
			sourceTree = "<group>";
		};
		F51E5E8426BBD7B6000B0AE6 /* CU */ = {
			isa = PBXGroup;
			children = (
				F5E2AF4726BB077A00C9D815 /* CUSaleViewController.storyboard */,
				F5E2AF4326BB06D700C9D815 /* CUSaleViewController.swift */,
				F519FD4426B2F58300660432 /* CUViewController.storyboard */,
				F519FD4626B2F5B700660432 /* CUViewController.swift */,
				F5E2AF4926BB0F7D00C9D815 /* CUSearchViewController.storyboard */,
				F5E2AF4B26BB0F8D00C9D815 /* CUSearchViewController.swift */,
				84979FE726CD35C200F0ED0F /* CartItem.swift */,
				84B85D1A26D1411C00B18B6D /* CartListTableViewCell.swift */,
				F51B8CB326B310D6005A13CF /* CU1ViewController.storyboard */,
				84979FEF26CD360A00F0ED0F /* Cart.swift */,
				F51B8CB126B310C8005A13CF /* CU1ViewController.swift */,
				F570170526C961C800E1CC42 /* NetworkLayer.swift */,
				739D9CEC26B7EEEA0076D382 /* ItemCell.xib */,
				739D9CEB26B7EEEA0076D382 /* ItemCell.swift */,
				84FC824C26BD7E6C00DF5A01 /* Popup.storyboard */,
				84FC825E26BD80CB00DF5A01 /* PopupViewController.swift */,
			);
			path = CU;
			sourceTree = "<group>";
		};
		F51E5E8526BBD7E4000B0AE6 /* QR-wishlist */ = {
			isa = PBXGroup;
			children = (
				F505379926AD93750012085F /* QRViewController.storyboard */,
				F505379726AD93590012085F /* QRViewController.swift */,
			);
			path = "QR-wishlist";
			sourceTree = "<group>";
		};
		F51E5E8626BBD805000B0AE6 /* Shopping */ = {
			isa = PBXGroup;
			children = (
				F5B6687B26AF2DF4008AE203 /* StoreViewController.storyboard */,
				F5B6687926AF2DE3008AE203 /* StoreViewController.swift */,
				F51E5E8426BBD7B6000B0AE6 /* CU */,
			);
			path = Shopping;
			sourceTree = "<group>";
		};
		F51E5E8826BBD886000B0AE6 /* Help */ = {
			isa = PBXGroup;
			children = (
				8473A8AB26B02EB6008B16E7 /* HelpViewController.storyboard */,
				F519FD3E26B2F46F00660432 /* HelpViewController.swift */,
				F519FD4226B2F4D100660432 /* HelpViewController2.storyboard */,
				F519FD4026B2F49700660432 /* HelpViewController2.swift */,
				84A530D926B16EA00002B7F1 /* HelpViewController3.storyboard */,
				84A530CC26B1675A0002B7F1 /* HelpViewController3.swift */,
			);
			path = Help;
			sourceTree = "<group>";
		};
		F526780C26AC3947005152C4 = {
			isa = PBXGroup;
			children = (
				F526781726AC3947005152C4 /* YES_EYES */,
				F526782E26AC3949005152C4 /* YES_EYESTests */,
				F526783926AC3949005152C4 /* YES_EYESUITests */,
				F526781626AC3947005152C4 /* Products */,
				CD713A7C840566510E6EF576 /* Pods */,
				1009410AE8E0560BA601C15E /* Frameworks */,
			);
			sourceTree = "<group>";
		};
		F526781626AC3947005152C4 /* Products */ = {
			isa = PBXGroup;
			children = (
				F526781526AC3947005152C4 /* YES_EYES.app */,
				F526782B26AC3949005152C4 /* YES_EYESTests.xctest */,
				F526783626AC3949005152C4 /* YES_EYESUITests.xctest */,
			);
			name = Products;
			sourceTree = "<group>";
		};
		F526781726AC3947005152C4 /* YES_EYES */ = {
			isa = PBXGroup;
			children = (
				84FC823C26BD7AD400DF5A01 /* GoogleService-Info.plist */,
				F526781826AC3947005152C4 /* AppDelegate.swift */,
				F526781A26AC3947005152C4 /* SceneDelegate.swift */,
				F526782326AC3949005152C4 /* LaunchScreen.storyboard */,
				F526781E26AC3947005152C4 /* Main.storyboard */,
				F526781C26AC3947005152C4 /* ViewController.swift */,
				F526784D26AC3FAD005152C4 /* MenuCell.xib */,
				F526784C26AC3FAD005152C4 /* MenuCell.swift */,
				F526785026AC43AD005152C4 /* SettingModel.swift */,
				F51E5E8526BBD7E4000B0AE6 /* QR-wishlist */,
				73415A8826FDC1B5006E1BBB /* Detection */,
				F51E5E8626BBD805000B0AE6 /* Shopping */,
				F51E5E8826BBD886000B0AE6 /* Help */,
				F526782126AC3949005152C4 /* Assets.xcassets */,
				F526782626AC3949005152C4 /* Info.plist */,
				73B9EB7326BAAC1200333C60 /* InfoCellViewController.swift */,
				73B9EB7426BAAC1200333C60 /* InfoCellViewController.xib */,
			);
			path = YES_EYES;
			sourceTree = "<group>";
		};
		F526782E26AC3949005152C4 /* YES_EYESTests */ = {
			isa = PBXGroup;
			children = (
				F526782F26AC3949005152C4 /* YES_EYESTests.swift */,
				F526783126AC3949005152C4 /* Info.plist */,
			);
			path = YES_EYESTests;
			sourceTree = "<group>";
		};
		F526783926AC3949005152C4 /* YES_EYESUITests */ = {
			isa = PBXGroup;
			children = (
				F526783A26AC3949005152C4 /* YES_EYESUITests.swift */,
				F526783C26AC3949005152C4 /* Info.plist */,
			);
			path = YES_EYESUITests;
			sourceTree = "<group>";
		};
/* End PBXGroup section */

/* Begin PBXNativeTarget section */
		F526781426AC3947005152C4 /* YES_EYES */ = {
			isa = PBXNativeTarget;
			buildConfigurationList = F526783F26AC3949005152C4 /* Build configuration list for PBXNativeTarget "YES_EYES" */;
			buildPhases = (
				5D2A6C178569D09850ABA976 /* [CP] Check Pods Manifest.lock */,
				F526781126AC3947005152C4 /* Sources */,
				F526781226AC3947005152C4 /* Frameworks */,
				F526781326AC3947005152C4 /* Resources */,
				83FEF544BAF9709E9934022F /* [CP] Embed Pods Frameworks */,
			);
			buildRules = (
			);
			dependencies = (
			);
			name = YES_EYES;
			productName = YES_EYES;
			productReference = F526781526AC3947005152C4 /* YES_EYES.app */;
			productType = "com.apple.product-type.application";
		};
		F526782A26AC3949005152C4 /* YES_EYESTests */ = {
			isa = PBXNativeTarget;
			buildConfigurationList = F526784226AC3949005152C4 /* Build configuration list for PBXNativeTarget "YES_EYESTests" */;
			buildPhases = (
				D43735F9E19D37BDF662503B /* [CP] Check Pods Manifest.lock */,
				F526782726AC3949005152C4 /* Sources */,
				F526782826AC3949005152C4 /* Frameworks */,
				F526782926AC3949005152C4 /* Resources */,
			);
			buildRules = (
			);
			dependencies = (
				F526782D26AC3949005152C4 /* PBXTargetDependency */,
			);
			name = YES_EYESTests;
			productName = YES_EYESTests;
			productReference = F526782B26AC3949005152C4 /* YES_EYESTests.xctest */;
			productType = "com.apple.product-type.bundle.unit-test";
		};
		F526783526AC3949005152C4 /* YES_EYESUITests */ = {
			isa = PBXNativeTarget;
			buildConfigurationList = F526784526AC3949005152C4 /* Build configuration list for PBXNativeTarget "YES_EYESUITests" */;
			buildPhases = (
				87CC3DDB1966E88EE61DB438 /* [CP] Check Pods Manifest.lock */,
				F526783226AC3949005152C4 /* Sources */,
				F526783326AC3949005152C4 /* Frameworks */,
				F526783426AC3949005152C4 /* Resources */,
				AC3A3BC6C863E835BA1BB225 /* [CP] Embed Pods Frameworks */,
			);
			buildRules = (
			);
			dependencies = (
				F526783826AC3949005152C4 /* PBXTargetDependency */,
			);
			name = YES_EYESUITests;
			productName = YES_EYESUITests;
			productReference = F526783626AC3949005152C4 /* YES_EYESUITests.xctest */;
			productType = "com.apple.product-type.bundle.ui-testing";
		};
/* End PBXNativeTarget section */

/* Begin PBXProject section */
		F526780D26AC3947005152C4 /* Project object */ = {
			isa = PBXProject;
			attributes = {
				LastSwiftUpdateCheck = 1250;
				LastUpgradeCheck = 1250;
				TargetAttributes = {
					F526781426AC3947005152C4 = {
						CreatedOnToolsVersion = 12.5;
					};
					F526782A26AC3949005152C4 = {
						CreatedOnToolsVersion = 12.5;
						TestTargetID = F526781426AC3947005152C4;
					};
					F526783526AC3949005152C4 = {
						CreatedOnToolsVersion = 12.5;
						TestTargetID = F526781426AC3947005152C4;
					};
				};
			};
			buildConfigurationList = F526781026AC3947005152C4 /* Build configuration list for PBXProject "YES_EYES" */;
			compatibilityVersion = "Xcode 9.3";
			developmentRegion = en;
			hasScannedForEncodings = 0;
			knownRegions = (
				en,
				Base,
			);
			mainGroup = F526780C26AC3947005152C4;
			productRefGroup = F526781626AC3947005152C4 /* Products */;
			projectDirPath = "";
			projectReferences = (
				{
					ProductGroup = 73415A3026FD6427006E1BBB /* Products */;
					ProjectRef = 73415A2F26FD6427006E1BBB /* Pods.xcodeproj */;
				},
			);
			projectRoot = "";
			targets = (
				F526781426AC3947005152C4 /* YES_EYES */,
				F526782A26AC3949005152C4 /* YES_EYESTests */,
				F526783526AC3949005152C4 /* YES_EYESUITests */,
			);
		};
/* End PBXProject section */

/* Begin PBXReferenceProxy section */
		73415A4826FD6427006E1BBB /* FirebaseABTesting.framework */ = {
			isa = PBXReferenceProxy;
			fileType = wrapper.framework;
			path = FirebaseABTesting.framework;
			remoteRef = 73415A4726FD6427006E1BBB /* PBXContainerItemProxy */;
			sourceTree = BUILT_PRODUCTS_DIR;
		};
		73415A4A26FD6427006E1BBB /* FirebaseAuth.framework */ = {
			isa = PBXReferenceProxy;
			fileType = wrapper.framework;
			path = FirebaseAuth.framework;
			remoteRef = 73415A4926FD6427006E1BBB /* PBXContainerItemProxy */;
			sourceTree = BUILT_PRODUCTS_DIR;
		};
		73415A4C26FD6427006E1BBB /* FirebaseCore.framework */ = {
			isa = PBXReferenceProxy;
			fileType = wrapper.framework;
			path = FirebaseCore.framework;
			remoteRef = 73415A4B26FD6427006E1BBB /* PBXContainerItemProxy */;
			sourceTree = BUILT_PRODUCTS_DIR;
		};
		73415A4E26FD6427006E1BBB /* FirebaseCoreDiagnostics.framework */ = {
			isa = PBXReferenceProxy;
			fileType = wrapper.framework;
			path = FirebaseCoreDiagnostics.framework;
			remoteRef = 73415A4D26FD6427006E1BBB /* PBXContainerItemProxy */;
			sourceTree = BUILT_PRODUCTS_DIR;
		};
		73415A5026FD6427006E1BBB /* FirebaseDatabase.framework */ = {
			isa = PBXReferenceProxy;
			fileType = wrapper.framework;
			path = FirebaseDatabase.framework;
			remoteRef = 73415A4F26FD6427006E1BBB /* PBXContainerItemProxy */;
			sourceTree = BUILT_PRODUCTS_DIR;
		};
		73415A5226FD6427006E1BBB /* FirebaseInstallations.framework */ = {
			isa = PBXReferenceProxy;
			fileType = wrapper.framework;
			path = FirebaseInstallations.framework;
			remoteRef = 73415A5126FD6427006E1BBB /* PBXContainerItemProxy */;
			sourceTree = BUILT_PRODUCTS_DIR;
		};
		73415A5426FD6427006E1BBB /* FirebaseRemoteConfig.framework */ = {
			isa = PBXReferenceProxy;
			fileType = wrapper.framework;
			path = FirebaseRemoteConfig.framework;
			remoteRef = 73415A5326FD6427006E1BBB /* PBXContainerItemProxy */;
			sourceTree = BUILT_PRODUCTS_DIR;
		};
		73415A5626FD6427006E1BBB /* FirebaseStorage.framework */ = {
			isa = PBXReferenceProxy;
			fileType = wrapper.framework;
			path = FirebaseStorage.framework;
			remoteRef = 73415A5526FD6427006E1BBB /* PBXContainerItemProxy */;
			sourceTree = BUILT_PRODUCTS_DIR;
		};
		73415A5826FD6427006E1BBB /* GoogleDataTransport.framework */ = {
			isa = PBXReferenceProxy;
			fileType = wrapper.framework;
			path = GoogleDataTransport.framework;
			remoteRef = 73415A5726FD6427006E1BBB /* PBXContainerItemProxy */;
			sourceTree = BUILT_PRODUCTS_DIR;
		};
		73415A5A26FD6427006E1BBB /* GoogleUtilities.framework */ = {
			isa = PBXReferenceProxy;
			fileType = wrapper.framework;
			path = GoogleUtilities.framework;
			remoteRef = 73415A5926FD6427006E1BBB /* PBXContainerItemProxy */;
			sourceTree = BUILT_PRODUCTS_DIR;
		};
		73415A5C26FD6427006E1BBB /* GTMSessionFetcher.framework */ = {
			isa = PBXReferenceProxy;
			fileType = wrapper.framework;
			path = GTMSessionFetcher.framework;
			remoteRef = 73415A5B26FD6427006E1BBB /* PBXContainerItemProxy */;
			sourceTree = BUILT_PRODUCTS_DIR;
		};
		73415A5E26FD6427006E1BBB /* leveldb.framework */ = {
			isa = PBXReferenceProxy;
			fileType = wrapper.framework;
			path = leveldb.framework;
			remoteRef = 73415A5D26FD6427006E1BBB /* PBXContainerItemProxy */;
			sourceTree = BUILT_PRODUCTS_DIR;
		};
		73415A6026FD6427006E1BBB /* nanopb.framework */ = {
			isa = PBXReferenceProxy;
			fileType = wrapper.framework;
			path = nanopb.framework;
			remoteRef = 73415A5F26FD6427006E1BBB /* PBXContainerItemProxy */;
			sourceTree = BUILT_PRODUCTS_DIR;
		};
		73415A6226FD6427006E1BBB /* Pods_YES_EYES.framework */ = {
			isa = PBXReferenceProxy;
			fileType = wrapper.framework;
			path = Pods_YES_EYES.framework;
			remoteRef = 73415A6126FD6427006E1BBB /* PBXContainerItemProxy */;
			sourceTree = BUILT_PRODUCTS_DIR;
		};
		73415A6426FD6427006E1BBB /* Pods_YES_EYES_YES_EYESUITests.framework */ = {
			isa = PBXReferenceProxy;
			fileType = wrapper.framework;
			path = Pods_YES_EYES_YES_EYESUITests.framework;
			remoteRef = 73415A6326FD6427006E1BBB /* PBXContainerItemProxy */;
			sourceTree = BUILT_PRODUCTS_DIR;
		};
		73415A6626FD6427006E1BBB /* Pods_YES_EYESTests.framework */ = {
			isa = PBXReferenceProxy;
			fileType = wrapper.framework;
			path = Pods_YES_EYESTests.framework;
			remoteRef = 73415A6526FD6427006E1BBB /* PBXContainerItemProxy */;
			sourceTree = BUILT_PRODUCTS_DIR;
		};
		73415A6826FD6427006E1BBB /* FBLPromises.framework */ = {
			isa = PBXReferenceProxy;
			fileType = wrapper.framework;
			path = FBLPromises.framework;
			remoteRef = 73415A6726FD6427006E1BBB /* PBXContainerItemProxy */;
			sourceTree = BUILT_PRODUCTS_DIR;
		};
		73415A6A26FD6427006E1BBB /* SnapKit.framework */ = {
			isa = PBXReferenceProxy;
			fileType = wrapper.framework;
			path = SnapKit.framework;
			remoteRef = 73415A6926FD6427006E1BBB /* PBXContainerItemProxy */;
			sourceTree = BUILT_PRODUCTS_DIR;
		};
/* End PBXReferenceProxy section */

/* Begin PBXResourcesBuildPhase section */
		F526781326AC3947005152C4 /* Resources */ = {
			isa = PBXResourcesBuildPhase;
			buildActionMask = 2147483647;
			files = (
				F526782526AC3949005152C4 /* LaunchScreen.storyboard in Resources */,
				F5E2AF4A26BB0F7E00C9D815 /* CUSearchViewController.storyboard in Resources */,
				F505379A26AD93750012085F /* QRViewController.storyboard in Resources */,
				F5E2AF4826BB077A00C9D815 /* CUSaleViewController.storyboard in Resources */,
				8473A8AC26B02EB6008B16E7 /* HelpViewController.storyboard in Resources */,
				73B9EB7626BAAC1200333C60 /* InfoCellViewController.xib in Resources */,
				739D9CEE26B7EEEA0076D382 /* ItemCell.xib in Resources */,
				F526782226AC3949005152C4 /* Assets.xcassets in Resources */,
				F5B6687C26AF2DF4008AE203 /* StoreViewController.storyboard in Resources */,
				84FC824D26BD7E6C00DF5A01 /* Popup.storyboard in Resources */,
				F519FD4326B2F4D100660432 /* HelpViewController2.storyboard in Resources */,
				84FC823D26BD7AD400DF5A01 /* GoogleService-Info.plist in Resources */,
				F519FD4526B2F58300660432 /* CUViewController.storyboard in Resources */,
				F526784F26AC3FAD005152C4 /* MenuCell.xib in Resources */,
				84A530DA26B16EA00002B7F1 /* HelpViewController3.storyboard in Resources */,
				73415A8F26FDC2FE006E1BBB /* AIViewController.storyboard in Resources */,
				F526782026AC3947005152C4 /* Main.storyboard in Resources */,
				F51B8CB426B310D6005A13CF /* CU1ViewController.storyboard in Resources */,
			);
			runOnlyForDeploymentPostprocessing = 0;
		};
		F526782926AC3949005152C4 /* Resources */ = {
			isa = PBXResourcesBuildPhase;
			buildActionMask = 2147483647;
			files = (
			);
			runOnlyForDeploymentPostprocessing = 0;
		};
		F526783426AC3949005152C4 /* Resources */ = {
			isa = PBXResourcesBuildPhase;
			buildActionMask = 2147483647;
			files = (
			);
			runOnlyForDeploymentPostprocessing = 0;
		};
/* End PBXResourcesBuildPhase section */

/* Begin PBXShellScriptBuildPhase section */
		5D2A6C178569D09850ABA976 /* [CP] Check Pods Manifest.lock */ = {
			isa = PBXShellScriptBuildPhase;
			buildActionMask = 2147483647;
			files = (
			);
			inputFileListPaths = (
			);
			inputPaths = (
				"${PODS_PODFILE_DIR_PATH}/Podfile.lock",
				"${PODS_ROOT}/Manifest.lock",
			);
			name = "[CP] Check Pods Manifest.lock";
			outputFileListPaths = (
			);
			outputPaths = (
				"$(DERIVED_FILE_DIR)/Pods-YES_EYES-checkManifestLockResult.txt",
			);
			runOnlyForDeploymentPostprocessing = 0;
			shellPath = /bin/sh;
			shellScript = "diff \"${PODS_PODFILE_DIR_PATH}/Podfile.lock\" \"${PODS_ROOT}/Manifest.lock\" > /dev/null\nif [ $? != 0 ] ; then\n    # print error to STDERR\n    echo \"error: The sandbox is not in sync with the Podfile.lock. Run 'pod install' or update your CocoaPods installation.\" >&2\n    exit 1\nfi\n# This output is used by Xcode 'outputs' to avoid re-running this script phase.\necho \"SUCCESS\" > \"${SCRIPT_OUTPUT_FILE_0}\"\n";
			showEnvVarsInLog = 0;
		};
		83FEF544BAF9709E9934022F /* [CP] Embed Pods Frameworks */ = {
			isa = PBXShellScriptBuildPhase;
			buildActionMask = 2147483647;
			files = (
			);
			inputFileListPaths = (
				"${PODS_ROOT}/Target Support Files/Pods-YES_EYES/Pods-YES_EYES-frameworks-${CONFIGURATION}-input-files.xcfilelist",
			);
			name = "[CP] Embed Pods Frameworks";
			outputFileListPaths = (
				"${PODS_ROOT}/Target Support Files/Pods-YES_EYES/Pods-YES_EYES-frameworks-${CONFIGURATION}-output-files.xcfilelist",
			);
			runOnlyForDeploymentPostprocessing = 0;
			shellPath = /bin/sh;
			shellScript = "\"${PODS_ROOT}/Target Support Files/Pods-YES_EYES/Pods-YES_EYES-frameworks.sh\"\n";
			showEnvVarsInLog = 0;
		};
		87CC3DDB1966E88EE61DB438 /* [CP] Check Pods Manifest.lock */ = {
			isa = PBXShellScriptBuildPhase;
			buildActionMask = 2147483647;
			files = (
			);
			inputFileListPaths = (
			);
			inputPaths = (
				"${PODS_PODFILE_DIR_PATH}/Podfile.lock",
				"${PODS_ROOT}/Manifest.lock",
			);
			name = "[CP] Check Pods Manifest.lock";
			outputFileListPaths = (
			);
			outputPaths = (
				"$(DERIVED_FILE_DIR)/Pods-YES_EYES-YES_EYESUITests-checkManifestLockResult.txt",
			);
			runOnlyForDeploymentPostprocessing = 0;
			shellPath = /bin/sh;
			shellScript = "diff \"${PODS_PODFILE_DIR_PATH}/Podfile.lock\" \"${PODS_ROOT}/Manifest.lock\" > /dev/null\nif [ $? != 0 ] ; then\n    # print error to STDERR\n    echo \"error: The sandbox is not in sync with the Podfile.lock. Run 'pod install' or update your CocoaPods installation.\" >&2\n    exit 1\nfi\n# This output is used by Xcode 'outputs' to avoid re-running this script phase.\necho \"SUCCESS\" > \"${SCRIPT_OUTPUT_FILE_0}\"\n";
			showEnvVarsInLog = 0;
		};
		AC3A3BC6C863E835BA1BB225 /* [CP] Embed Pods Frameworks */ = {
			isa = PBXShellScriptBuildPhase;
			buildActionMask = 2147483647;
			files = (
			);
			inputFileListPaths = (
				"${PODS_ROOT}/Target Support Files/Pods-YES_EYES-YES_EYESUITests/Pods-YES_EYES-YES_EYESUITests-frameworks-${CONFIGURATION}-input-files.xcfilelist",
			);
			name = "[CP] Embed Pods Frameworks";
			outputFileListPaths = (
				"${PODS_ROOT}/Target Support Files/Pods-YES_EYES-YES_EYESUITests/Pods-YES_EYES-YES_EYESUITests-frameworks-${CONFIGURATION}-output-files.xcfilelist",
			);
			runOnlyForDeploymentPostprocessing = 0;
			shellPath = /bin/sh;
			shellScript = "\"${PODS_ROOT}/Target Support Files/Pods-YES_EYES-YES_EYESUITests/Pods-YES_EYES-YES_EYESUITests-frameworks.sh\"\n";
			showEnvVarsInLog = 0;
		};
		D43735F9E19D37BDF662503B /* [CP] Check Pods Manifest.lock */ = {
			isa = PBXShellScriptBuildPhase;
			buildActionMask = 2147483647;
			files = (
			);
			inputFileListPaths = (
			);
			inputPaths = (
				"${PODS_PODFILE_DIR_PATH}/Podfile.lock",
				"${PODS_ROOT}/Manifest.lock",
			);
			name = "[CP] Check Pods Manifest.lock";
			outputFileListPaths = (
			);
			outputPaths = (
				"$(DERIVED_FILE_DIR)/Pods-YES_EYESTests-checkManifestLockResult.txt",
			);
			runOnlyForDeploymentPostprocessing = 0;
			shellPath = /bin/sh;
			shellScript = "diff \"${PODS_PODFILE_DIR_PATH}/Podfile.lock\" \"${PODS_ROOT}/Manifest.lock\" > /dev/null\nif [ $? != 0 ] ; then\n    # print error to STDERR\n    echo \"error: The sandbox is not in sync with the Podfile.lock. Run 'pod install' or update your CocoaPods installation.\" >&2\n    exit 1\nfi\n# This output is used by Xcode 'outputs' to avoid re-running this script phase.\necho \"SUCCESS\" > \"${SCRIPT_OUTPUT_FILE_0}\"\n";
			showEnvVarsInLog = 0;
		};
/* End PBXShellScriptBuildPhase section */

/* Begin PBXSourcesBuildPhase section */
		F526781126AC3947005152C4 /* Sources */ = {
			isa = PBXSourcesBuildPhase;
			buildActionMask = 2147483647;
			files = (
				F519FD4726B2F5B700660432 /* CUViewController.swift in Sources */,
				84FC825F26BD80CB00DF5A01 /* PopupViewController.swift in Sources */,
				F570170626C961C800E1CC42 /* NetworkLayer.swift in Sources */,
				F5E2AF4526BB06D700C9D815 /* CUSaleViewController.swift in Sources */,
				F526785126AC43AD005152C4 /* SettingModel.swift in Sources */,
				F51B8CB226B310C8005A13CF /* CU1ViewController.swift in Sources */,
				84A530CD26B1675A0002B7F1 /* HelpViewController3.swift in Sources */,
				739D9CED26B7EEEA0076D382 /* ItemCell.swift in Sources */,
				F5E2AF4C26BB0F8D00C9D815 /* CUSearchViewController.swift in Sources */,
				F526781D26AC3947005152C4 /* ViewController.swift in Sources */,
				84979FF026CD360A00F0ED0F /* Cart.swift in Sources */,
				F526781926AC3947005152C4 /* AppDelegate.swift in Sources */,
				84979FE826CD35C200F0ED0F /* CartItem.swift in Sources */,
				73415A9026FDC334006E1BBB /* CIImage.swift in Sources */,
				73415A8D26FDC27C006E1BBB /* Inceptionv3.mlmodel in Sources */,
				73415A8E26FDC2FA006E1BBB /* AIViewController.swift in Sources */,
				F526784E26AC3FAD005152C4 /* MenuCell.swift in Sources */,
				73415A8926FDC26C006E1BBB /* CapturePreviewView.swift in Sources */,
				F519FD4126B2F49700660432 /* HelpViewController2.swift in Sources */,
				F526781B26AC3947005152C4 /* SceneDelegate.swift in Sources */,
				73415A8C26FDC278006E1BBB /* VideoCapture.swift in Sources */,
				84B85D1B26D1411C00B18B6D /* CartListTableViewCell.swift in Sources */,
				F519FD3F26B2F46F00660432 /* HelpViewController.swift in Sources */,
				F505379826AD93590012085F /* QRViewController.swift in Sources */,
				73B9EB7526BAAC1200333C60 /* InfoCellViewController.swift in Sources */,
				F5B6687A26AF2DE3008AE203 /* StoreViewController.swift in Sources */,
			);
			runOnlyForDeploymentPostprocessing = 0;
		};
		F526782726AC3949005152C4 /* Sources */ = {
			isa = PBXSourcesBuildPhase;
			buildActionMask = 2147483647;
			files = (
				F526783026AC3949005152C4 /* YES_EYESTests.swift in Sources */,
			);
			runOnlyForDeploymentPostprocessing = 0;
		};
		F526783226AC3949005152C4 /* Sources */ = {
			isa = PBXSourcesBuildPhase;
			buildActionMask = 2147483647;
			files = (
				F526783B26AC3949005152C4 /* YES_EYESUITests.swift in Sources */,
			);
			runOnlyForDeploymentPostprocessing = 0;
		};
/* End PBXSourcesBuildPhase section */

/* Begin PBXTargetDependency section */
		F526782D26AC3949005152C4 /* PBXTargetDependency */ = {
			isa = PBXTargetDependency;
			target = F526781426AC3947005152C4 /* YES_EYES */;
			targetProxy = F526782C26AC3949005152C4 /* PBXContainerItemProxy */;
		};
		F526783826AC3949005152C4 /* PBXTargetDependency */ = {
			isa = PBXTargetDependency;
			target = F526781426AC3947005152C4 /* YES_EYES */;
			targetProxy = F526783726AC3949005152C4 /* PBXContainerItemProxy */;
		};
/* End PBXTargetDependency section */

/* Begin PBXVariantGroup section */
		F526781E26AC3947005152C4 /* Main.storyboard */ = {
			isa = PBXVariantGroup;
			children = (
				F526781F26AC3947005152C4 /* Base */,
			);
			name = Main.storyboard;
			sourceTree = "<group>";
		};
		F526782326AC3949005152C4 /* LaunchScreen.storyboard */ = {
			isa = PBXVariantGroup;
			children = (
				F526782426AC3949005152C4 /* Base */,
			);
			name = LaunchScreen.storyboard;
			sourceTree = "<group>";
		};
/* End PBXVariantGroup section */

/* Begin XCBuildConfiguration section */
		F526783D26AC3949005152C4 /* Debug */ = {
			isa = XCBuildConfiguration;
			buildSettings = {
				ALWAYS_SEARCH_USER_PATHS = NO;
				CLANG_ANALYZER_NONNULL = YES;
				CLANG_ANALYZER_NUMBER_OBJECT_CONVERSION = YES_AGGRESSIVE;
				CLANG_CXX_LANGUAGE_STANDARD = "gnu++14";
				CLANG_CXX_LIBRARY = "libc++";
				CLANG_ENABLE_MODULES = YES;
				CLANG_ENABLE_OBJC_ARC = YES;
				CLANG_ENABLE_OBJC_WEAK = YES;
				CLANG_WARN_BLOCK_CAPTURE_AUTORELEASING = YES;
				CLANG_WARN_BOOL_CONVERSION = YES;
				CLANG_WARN_COMMA = YES;
				CLANG_WARN_CONSTANT_CONVERSION = YES;
				CLANG_WARN_DEPRECATED_OBJC_IMPLEMENTATIONS = YES;
				CLANG_WARN_DIRECT_OBJC_ISA_USAGE = YES_ERROR;
				CLANG_WARN_DOCUMENTATION_COMMENTS = YES;
				CLANG_WARN_EMPTY_BODY = YES;
				CLANG_WARN_ENUM_CONVERSION = YES;
				CLANG_WARN_INFINITE_RECURSION = YES;
				CLANG_WARN_INT_CONVERSION = YES;
				CLANG_WARN_NON_LITERAL_NULL_CONVERSION = YES;
				CLANG_WARN_OBJC_IMPLICIT_RETAIN_SELF = YES;
				CLANG_WARN_OBJC_LITERAL_CONVERSION = YES;
				CLANG_WARN_OBJC_ROOT_CLASS = YES_ERROR;
				CLANG_WARN_QUOTED_INCLUDE_IN_FRAMEWORK_HEADER = YES;
				CLANG_WARN_RANGE_LOOP_ANALYSIS = YES;
				CLANG_WARN_STRICT_PROTOTYPES = YES;
				CLANG_WARN_SUSPICIOUS_MOVE = YES;
				CLANG_WARN_UNGUARDED_AVAILABILITY = YES_AGGRESSIVE;
				CLANG_WARN_UNREACHABLE_CODE = YES;
				CLANG_WARN__DUPLICATE_METHOD_MATCH = YES;
				COPY_PHASE_STRIP = NO;
				DEBUG_INFORMATION_FORMAT = dwarf;
				ENABLE_STRICT_OBJC_MSGSEND = YES;
				ENABLE_TESTABILITY = YES;
				GCC_C_LANGUAGE_STANDARD = gnu11;
				GCC_DYNAMIC_NO_PIC = NO;
				GCC_NO_COMMON_BLOCKS = YES;
				GCC_OPTIMIZATION_LEVEL = 0;
				GCC_PREPROCESSOR_DEFINITIONS = (
					"DEBUG=1",
					"$(inherited)",
				);
				GCC_WARN_64_TO_32_BIT_CONVERSION = YES;
				GCC_WARN_ABOUT_RETURN_TYPE = YES_ERROR;
				GCC_WARN_UNDECLARED_SELECTOR = YES;
				GCC_WARN_UNINITIALIZED_AUTOS = YES_AGGRESSIVE;
				GCC_WARN_UNUSED_FUNCTION = YES;
				GCC_WARN_UNUSED_VARIABLE = YES;
				IPHONEOS_DEPLOYMENT_TARGET = 14.5;
				MTL_ENABLE_DEBUG_INFO = INCLUDE_SOURCE;
				MTL_FAST_MATH = YES;
				ONLY_ACTIVE_ARCH = YES;
				SDKROOT = iphoneos;
				SWIFT_ACTIVE_COMPILATION_CONDITIONS = DEBUG;
				SWIFT_OPTIMIZATION_LEVEL = "-Onone";
			};
			name = Debug;
		};
		F526783E26AC3949005152C4 /* Release */ = {
			isa = XCBuildConfiguration;
			buildSettings = {
				ALWAYS_SEARCH_USER_PATHS = NO;
				CLANG_ANALYZER_NONNULL = YES;
				CLANG_ANALYZER_NUMBER_OBJECT_CONVERSION = YES_AGGRESSIVE;
				CLANG_CXX_LANGUAGE_STANDARD = "gnu++14";
				CLANG_CXX_LIBRARY = "libc++";
				CLANG_ENABLE_MODULES = YES;
				CLANG_ENABLE_OBJC_ARC = YES;
				CLANG_ENABLE_OBJC_WEAK = YES;
				CLANG_WARN_BLOCK_CAPTURE_AUTORELEASING = YES;
				CLANG_WARN_BOOL_CONVERSION = YES;
				CLANG_WARN_COMMA = YES;
				CLANG_WARN_CONSTANT_CONVERSION = YES;
				CLANG_WARN_DEPRECATED_OBJC_IMPLEMENTATIONS = YES;
				CLANG_WARN_DIRECT_OBJC_ISA_USAGE = YES_ERROR;
				CLANG_WARN_DOCUMENTATION_COMMENTS = YES;
				CLANG_WARN_EMPTY_BODY = YES;
				CLANG_WARN_ENUM_CONVERSION = YES;
				CLANG_WARN_INFINITE_RECURSION = YES;
				CLANG_WARN_INT_CONVERSION = YES;
				CLANG_WARN_NON_LITERAL_NULL_CONVERSION = YES;
				CLANG_WARN_OBJC_IMPLICIT_RETAIN_SELF = YES;
				CLANG_WARN_OBJC_LITERAL_CONVERSION = YES;
				CLANG_WARN_OBJC_ROOT_CLASS = YES_ERROR;
				CLANG_WARN_QUOTED_INCLUDE_IN_FRAMEWORK_HEADER = YES;
				CLANG_WARN_RANGE_LOOP_ANALYSIS = YES;
				CLANG_WARN_STRICT_PROTOTYPES = YES;
				CLANG_WARN_SUSPICIOUS_MOVE = YES;
				CLANG_WARN_UNGUARDED_AVAILABILITY = YES_AGGRESSIVE;
				CLANG_WARN_UNREACHABLE_CODE = YES;
				CLANG_WARN__DUPLICATE_METHOD_MATCH = YES;
				COPY_PHASE_STRIP = NO;
				DEBUG_INFORMATION_FORMAT = "dwarf-with-dsym";
				ENABLE_NS_ASSERTIONS = NO;
				ENABLE_STRICT_OBJC_MSGSEND = YES;
				GCC_C_LANGUAGE_STANDARD = gnu11;
				GCC_NO_COMMON_BLOCKS = YES;
				GCC_WARN_64_TO_32_BIT_CONVERSION = YES;
				GCC_WARN_ABOUT_RETURN_TYPE = YES_ERROR;
				GCC_WARN_UNDECLARED_SELECTOR = YES;
				GCC_WARN_UNINITIALIZED_AUTOS = YES_AGGRESSIVE;
				GCC_WARN_UNUSED_FUNCTION = YES;
				GCC_WARN_UNUSED_VARIABLE = YES;
				IPHONEOS_DEPLOYMENT_TARGET = 14.5;
				MTL_ENABLE_DEBUG_INFO = NO;
				MTL_FAST_MATH = YES;
				SDKROOT = iphoneos;
				SWIFT_COMPILATION_MODE = wholemodule;
				SWIFT_OPTIMIZATION_LEVEL = "-O";
				VALIDATE_PRODUCT = YES;
			};
			name = Release;
		};
		F526784026AC3949005152C4 /* Debug */ = {
			isa = XCBuildConfiguration;
			baseConfigurationReference = 88D6BBE627EDC25FC2369744 /* Pods-YES_EYES.debug.xcconfig */;
			buildSettings = {
				ASSETCATALOG_COMPILER_APPICON_NAME = AppIcon;
				ASSETCATALOG_COMPILER_GLOBAL_ACCENT_COLOR_NAME = AccentColor;
				CODE_SIGN_STYLE = Automatic;
				INFOPLIST_FILE = YES_EYES/Info.plist;
				IPHONEOS_DEPLOYMENT_TARGET = 13.2;
				LD_RUNPATH_SEARCH_PATHS = (
					"$(inherited)",
					"@executable_path/Frameworks",
				);
				PRODUCT_BUNDLE_IDENTIFIER = "blulila.YES-EYES";
				PRODUCT_NAME = "$(TARGET_NAME)";
				SWIFT_VERSION = 5.0;
				TARGETED_DEVICE_FAMILY = "1,2";
			};
			name = Debug;
		};
		F526784126AC3949005152C4 /* Release */ = {
			isa = XCBuildConfiguration;
			baseConfigurationReference = DB5D8C376E4CF5972D507B57 /* Pods-YES_EYES.release.xcconfig */;
			buildSettings = {
				ASSETCATALOG_COMPILER_APPICON_NAME = AppIcon;
				ASSETCATALOG_COMPILER_GLOBAL_ACCENT_COLOR_NAME = AccentColor;
				CODE_SIGN_STYLE = Automatic;
				INFOPLIST_FILE = YES_EYES/Info.plist;
				IPHONEOS_DEPLOYMENT_TARGET = 13.2;
				LD_RUNPATH_SEARCH_PATHS = (
					"$(inherited)",
					"@executable_path/Frameworks",
				);
				PRODUCT_BUNDLE_IDENTIFIER = "blulila.YES-EYES";
				PRODUCT_NAME = "$(TARGET_NAME)";
				SWIFT_VERSION = 5.0;
				TARGETED_DEVICE_FAMILY = "1,2";
			};
			name = Release;
		};
		F526784326AC3949005152C4 /* Debug */ = {
			isa = XCBuildConfiguration;
			baseConfigurationReference = BB801349789D6B7C57FA7123 /* Pods-YES_EYESTests.debug.xcconfig */;
			buildSettings = {
				ALWAYS_EMBED_SWIFT_STANDARD_LIBRARIES = YES;
				BUNDLE_LOADER = "$(TEST_HOST)";
				CODE_SIGN_STYLE = Automatic;
				INFOPLIST_FILE = YES_EYESTests/Info.plist;
				IPHONEOS_DEPLOYMENT_TARGET = 14.5;
				LD_RUNPATH_SEARCH_PATHS = (
					"$(inherited)",
					"@executable_path/Frameworks",
					"@loader_path/Frameworks",
				);
				PRODUCT_BUNDLE_IDENTIFIER = "blulila.YES-EYESTests";
				PRODUCT_NAME = "$(TARGET_NAME)";
				SWIFT_VERSION = 5.0;
				TARGETED_DEVICE_FAMILY = "1,2";
				TEST_HOST = "$(BUILT_PRODUCTS_DIR)/YES_EYES.app/YES_EYES";
			};
			name = Debug;
		};
		F526784426AC3949005152C4 /* Release */ = {
			isa = XCBuildConfiguration;
			baseConfigurationReference = BD5ADBA093459A8DF8157C18 /* Pods-YES_EYESTests.release.xcconfig */;
			buildSettings = {
				ALWAYS_EMBED_SWIFT_STANDARD_LIBRARIES = YES;
				BUNDLE_LOADER = "$(TEST_HOST)";
				CODE_SIGN_STYLE = Automatic;
				INFOPLIST_FILE = YES_EYESTests/Info.plist;
				IPHONEOS_DEPLOYMENT_TARGET = 14.5;
				LD_RUNPATH_SEARCH_PATHS = (
					"$(inherited)",
					"@executable_path/Frameworks",
					"@loader_path/Frameworks",
				);
				PRODUCT_BUNDLE_IDENTIFIER = "blulila.YES-EYESTests";
				PRODUCT_NAME = "$(TARGET_NAME)";
				SWIFT_VERSION = 5.0;
				TARGETED_DEVICE_FAMILY = "1,2";
				TEST_HOST = "$(BUILT_PRODUCTS_DIR)/YES_EYES.app/YES_EYES";
			};
			name = Release;
		};
		F526784626AC3949005152C4 /* Debug */ = {
			isa = XCBuildConfiguration;
			baseConfigurationReference = 804681186542697E7861A26B /* Pods-YES_EYES-YES_EYESUITests.debug.xcconfig */;
			buildSettings = {
				ALWAYS_EMBED_SWIFT_STANDARD_LIBRARIES = YES;
				CODE_SIGN_STYLE = Automatic;
				INFOPLIST_FILE = YES_EYESUITests/Info.plist;
				LD_RUNPATH_SEARCH_PATHS = (
					"$(inherited)",
					"@executable_path/Frameworks",
					"@loader_path/Frameworks",
				);
				PRODUCT_BUNDLE_IDENTIFIER = "blulila.YES-EYESUITests";
				PRODUCT_NAME = "$(TARGET_NAME)";
				SWIFT_VERSION = 5.0;
				TARGETED_DEVICE_FAMILY = "1,2";
				TEST_TARGET_NAME = YES_EYES;
			};
			name = Debug;
		};
		F526784726AC3949005152C4 /* Release */ = {
			isa = XCBuildConfiguration;
			baseConfigurationReference = 1B2736BE16154B5A4F3B7039 /* Pods-YES_EYES-YES_EYESUITests.release.xcconfig */;
			buildSettings = {
				ALWAYS_EMBED_SWIFT_STANDARD_LIBRARIES = YES;
				CODE_SIGN_STYLE = Automatic;
				INFOPLIST_FILE = YES_EYESUITests/Info.plist;
				LD_RUNPATH_SEARCH_PATHS = (
					"$(inherited)",
					"@executable_path/Frameworks",
					"@loader_path/Frameworks",
				);
				PRODUCT_BUNDLE_IDENTIFIER = "blulila.YES-EYESUITests";
				PRODUCT_NAME = "$(TARGET_NAME)";
				SWIFT_VERSION = 5.0;
				TARGETED_DEVICE_FAMILY = "1,2";
				TEST_TARGET_NAME = YES_EYES;
			};
			name = Release;
		};
/* End XCBuildConfiguration section */

/* Begin XCConfigurationList section */
		F526781026AC3947005152C4 /* Build configuration list for PBXProject "YES_EYES" */ = {
			isa = XCConfigurationList;
			buildConfigurations = (
				F526783D26AC3949005152C4 /* Debug */,
				F526783E26AC3949005152C4 /* Release */,
			);
			defaultConfigurationIsVisible = 0;
			defaultConfigurationName = Release;
		};
		F526783F26AC3949005152C4 /* Build configuration list for PBXNativeTarget "YES_EYES" */ = {
			isa = XCConfigurationList;
			buildConfigurations = (
				F526784026AC3949005152C4 /* Debug */,
				F526784126AC3949005152C4 /* Release */,
			);
			defaultConfigurationIsVisible = 0;
			defaultConfigurationName = Release;
		};
		F526784226AC3949005152C4 /* Build configuration list for PBXNativeTarget "YES_EYESTests" */ = {
			isa = XCConfigurationList;
			buildConfigurations = (
				F526784326AC3949005152C4 /* Debug */,
				F526784426AC3949005152C4 /* Release */,
			);
			defaultConfigurationIsVisible = 0;
			defaultConfigurationName = Release;
		};
		F526784526AC3949005152C4 /* Build configuration list for PBXNativeTarget "YES_EYESUITests" */ = {
			isa = XCConfigurationList;
			buildConfigurations = (
				F526784626AC3949005152C4 /* Debug */,
				F526784726AC3949005152C4 /* Release */,
			);
			defaultConfigurationIsVisible = 0;
			defaultConfigurationName = Release;
		};
/* End XCConfigurationList section */
	};
	rootObject = F526780D26AC3947005152C4 /* Project object */;
}
